
Microsoft Visual Studio Solution File, Format Version 12.00
# Visual Studio Version 17
VisualStudioVersion = 17.14.36408.4
MinimumVisualStudioVersion = 10.0.40219.1
Project("{2150E333-8FDC-42A3-9474-1A3956D46DE8}") = "Services", "Services", "{02EA681E-C7D8-13C7-8484-4AC65E1B71E8}"
EndProject
Project("{2150E333-8FDC-42A3-9474-1A3956D46DE8}") = "Catalog", "Catalog", "{CF48234A-6390-4DEF-BE0D-CDED5EE11DFA}"
EndProject
Project("{FAE04EC0-301F-11D3-BF4B-00C04F79EFBC}") = "MultiShop.Catalog", "Services\Catalog\MultiShop.Catalog\MultiShop.Catalog.csproj", "{0FDEB536-2A1B-4FCE-B706-7E62751D4415}"
EndProject
Project("{2150E333-8FDC-42A3-9474-1A3956D46DE8}") = "Discount", "Discount", "{CC0FB531-586B-4017-96A3-81FB73B22AEA}"
EndProject
Project("{FAE04EC0-301F-11D3-BF4B-00C04F79EFBC}") = "MultiShop.Discount", "Services\Discount\MultiShop.Discount\MultiShop.Discount.csproj", "{49D78CC8-4627-49DD-9E28-468CA78E4386}"
EndProject
Project("{2150E333-8FDC-42A3-9474-1A3956D46DE8}") = "Order", "Order", "{9B94202F-6B76-4871-8916-962A5C3DD1A6}"
EndProject
Project("{2150E333-8FDC-42A3-9474-1A3956D46DE8}") = "Core", "Core", "{C111C2C8-1096-411A-A3F7-1A18309F2D3E}"
EndProject
Project("{2150E333-8FDC-42A3-9474-1A3956D46DE8}") = "Infrastructure", "Infrastructure", "{2E8FF5C0-2746-4030-ACF0-D5D7969B6460}"
EndProject
Project("{2150E333-8FDC-42A3-9474-1A3956D46DE8}") = "Presentation", "Presentation", "{8FDBA60A-E425-4CAC-BDEF-46B6BC37073C}"
EndProject
Project("{FAE04EC0-301F-11D3-BF4B-00C04F79EFBC}") = "MultiShop.Order.Domain", "Services\Order\Core\MultiShop.Order.Domain\MultiShop.Order.Domain.csproj", "{928213DB-55C3-4B68-8DAE-ADA1D7C28B13}"
EndProject
Project("{FAE04EC0-301F-11D3-BF4B-00C04F79EFBC}") = "MultiShop.Order.Application", "Services\Order\Core\MultiShop.Order.Application\MultiShop.Order.Application.csproj", "{024A08F2-941D-4569-A9A1-451BD231BCF0}"
EndProject
Project("{FAE04EC0-301F-11D3-BF4B-00C04F79EFBC}") = "MultiShop.Order.Persistence", "Services\Order\Infrastructure\MultiShop.Order.Persistence\MultiShop.Order.Persistence.csproj", "{746953F3-0EF2-40AD-9FC7-4B5FC0B71E48}"
EndProject
Project("{FAE04EC0-301F-11D3-BF4B-00C04F79EFBC}") = "MultiShop.Order.WebAPI", "Services\Order\Presentation\MultiShop.Order.WebAPI\MultiShop.Order.WebAPI.csproj", "{C09CB176-0E8B-4621-94F1-716B5B827A1E}"
EndProject
Project("{2150E333-8FDC-42A3-9474-1A3956D46DE8}") = "IdentityServer", "IdentityServer", "{7B2A537C-4739-4B1A-B917-1D2D4DCEFF59}"
EndProject
Project("{FAE04EC0-301F-11D3-BF4B-00C04F79EFBC}") = "MultiShop.IdentityServer", "IdentityServer\MultiShop.IdentityServer\MultiShop.IdentityServer.csproj", "{EA14094F-FB55-5ABC-1402-B4229C4AD0B1}"
EndProject
Project("{2150E333-8FDC-42A3-9474-1A3956D46DE8}") = "Cargo", "Cargo", "{1C6B13E9-C6B9-4F38-98D8-69D6C629ABE2}"
EndProject
Project("{FAE04EC0-301F-11D3-BF4B-00C04F79EFBC}") = "MultiShop.Cargo.EntityLayer", "Services\Cargo\MultiShop.Cargo.EntityLayer\MultiShop.Cargo.EntityLayer.csproj", "{0CC576E4-625A-4FAF-9D0A-CB124A2ECEE5}"
EndProject
Project("{FAE04EC0-301F-11D3-BF4B-00C04F79EFBC}") = "MultiShop.Cargo.BusinessLayer", "Services\Cargo\MultiShop.Cargo.BusinessLayer\MultiShop.Cargo.BusinessLayer.csproj", "{5A073404-0070-4AAF-9776-06E521644882}"
EndProject
Project("{FAE04EC0-301F-11D3-BF4B-00C04F79EFBC}") = "MultiShop.Cargo.DataAccessLayer", "Services\Cargo\MultiShop.Cargo.DataAccessLayer\MultiShop.Cargo.DataAccessLayer.csproj", "{42FEDB80-97E9-44C1-9CC2-87A9AF074D76}"
EndProject
Project("{FAE04EC0-301F-11D3-BF4B-00C04F79EFBC}") = "MultiShop.Cargo.DtoLayer", "Services\Cargo\MultiShop.Cargo.DtoLayer\MultiShop.Cargo.DtoLayer.csproj", "{03FE6E72-3354-4DEF-BB41-294158A92B54}"
EndProject
Project("{FAE04EC0-301F-11D3-BF4B-00C04F79EFBC}") = "MultiShop.Cargo.WebAPI", "Services\Cargo\MultiShop.Cargo.WebAPI\MultiShop.Cargo.WebAPI.csproj", "{BC9BA6E6-8B79-465E-BE5B-5B0A87186BC6}"
EndProject
Global
	GlobalSection(SolutionConfigurationPlatforms) = preSolution
		Debug|Any CPU = Debug|Any CPU
		Release|Any CPU = Release|Any CPU
	EndGlobalSection
	GlobalSection(ProjectConfigurationPlatforms) = postSolution
		{0FDEB536-2A1B-4FCE-B706-7E62751D4415}.Debug|Any CPU.ActiveCfg = Debug|Any CPU
		{0FDEB536-2A1B-4FCE-B706-7E62751D4415}.Debug|Any CPU.Build.0 = Debug|Any CPU
		{0FDEB536-2A1B-4FCE-B706-7E62751D4415}.Release|Any CPU.ActiveCfg = Release|Any CPU
		{0FDEB536-2A1B-4FCE-B706-7E62751D4415}.Release|Any CPU.Build.0 = Release|Any CPU
		{49D78CC8-4627-49DD-9E28-468CA78E4386}.Debug|Any CPU.ActiveCfg = Debug|Any CPU
		{49D78CC8-4627-49DD-9E28-468CA78E4386}.Debug|Any CPU.Build.0 = Debug|Any CPU
		{49D78CC8-4627-49DD-9E28-468CA78E4386}.Release|Any CPU.ActiveCfg = Release|Any CPU
		{49D78CC8-4627-49DD-9E28-468CA78E4386}.Release|Any CPU.Build.0 = Release|Any CPU
		{928213DB-55C3-4B68-8DAE-ADA1D7C28B13}.Debug|Any CPU.ActiveCfg = Debug|Any CPU
		{928213DB-55C3-4B68-8DAE-ADA1D7C28B13}.Debug|Any CPU.Build.0 = Debug|Any CPU
		{928213DB-55C3-4B68-8DAE-ADA1D7C28B13}.Release|Any CPU.ActiveCfg = Release|Any CPU
		{928213DB-55C3-4B68-8DAE-ADA1D7C28B13}.Release|Any CPU.Build.0 = Release|Any CPU
		{024A08F2-941D-4569-A9A1-451BD231BCF0}.Debug|Any CPU.ActiveCfg = Debug|Any CPU
		{024A08F2-941D-4569-A9A1-451BD231BCF0}.Debug|Any CPU.Build.0 = Debug|Any CPU
		{024A08F2-941D-4569-A9A1-451BD231BCF0}.Release|Any CPU.ActiveCfg = Release|Any CPU
		{024A08F2-941D-4569-A9A1-451BD231BCF0}.Release|Any CPU.Build.0 = Release|Any CPU
		{746953F3-0EF2-40AD-9FC7-4B5FC0B71E48}.Debug|Any CPU.ActiveCfg = Debug|Any CPU
		{746953F3-0EF2-40AD-9FC7-4B5FC0B71E48}.Debug|Any CPU.Build.0 = Debug|Any CPU
		{746953F3-0EF2-40AD-9FC7-4B5FC0B71E48}.Release|Any CPU.ActiveCfg = Release|Any CPU
		{746953F3-0EF2-40AD-9FC7-4B5FC0B71E48}.Release|Any CPU.Build.0 = Release|Any CPU
		{C09CB176-0E8B-4621-94F1-716B5B827A1E}.Debug|Any CPU.ActiveCfg = Debug|Any CPU
		{C09CB176-0E8B-4621-94F1-716B5B827A1E}.Debug|Any CPU.Build.0 = Debug|Any CPU
		{C09CB176-0E8B-4621-94F1-716B5B827A1E}.Release|Any CPU.ActiveCfg = Release|Any CPU
		{C09CB176-0E8B-4621-94F1-716B5B827A1E}.Release|Any CPU.Build.0 = Release|Any CPU
		{EA14094F-FB55-5ABC-1402-B4229C4AD0B1}.Debug|Any CPU.ActiveCfg = Debug|Any CPU
		{EA14094F-FB55-5ABC-1402-B4229C4AD0B1}.Debug|Any CPU.Build.0 = Debug|Any CPU
		{EA14094F-FB55-5ABC-1402-B4229C4AD0B1}.Release|Any CPU.ActiveCfg = Release|Any CPU
		{EA14094F-FB55-5ABC-1402-B4229C4AD0B1}.Release|Any CPU.Build.0 = Release|Any CPU
		{0CC576E4-625A-4FAF-9D0A-CB124A2ECEE5}.Debug|Any CPU.ActiveCfg = Debug|Any CPU
		{0CC576E4-625A-4FAF-9D0A-CB124A2ECEE5}.Debug|Any CPU.Build.0 = Debug|Any CPU
		{0CC576E4-625A-4FAF-9D0A-CB124A2ECEE5}.Release|Any CPU.ActiveCfg = Release|Any CPU
		{0CC576E4-625A-4FAF-9D0A-CB124A2ECEE5}.Release|Any CPU.Build.0 = Release|Any CPU
		{5A073404-0070-4AAF-9776-06E521644882}.Debug|Any CPU.ActiveCfg = Debug|Any CPU
		{5A073404-0070-4AAF-9776-06E521644882}.Debug|Any CPU.Build.0 = Debug|Any CPU
		{5A073404-0070-4AAF-9776-06E521644882}.Release|Any CPU.ActiveCfg = Release|Any CPU
		{5A073404-0070-4AAF-9776-06E521644882}.Release|Any CPU.Build.0 = Release|Any CPU
		{42FEDB80-97E9-44C1-9CC2-87A9AF074D76}.Debug|Any CPU.ActiveCfg = Debug|Any CPU
		{42FEDB80-97E9-44C1-9CC2-87A9AF074D76}.Debug|Any CPU.Build.0 = Debug|Any CPU
		{42FEDB80-97E9-44C1-9CC2-87A9AF074D76}.Release|Any CPU.ActiveCfg = Release|Any CPU
		{42FEDB80-97E9-44C1-9CC2-87A9AF074D76}.Release|Any CPU.Build.0 = Release|Any CPU
		{03FE6E72-3354-4DEF-BB41-294158A92B54}.Debug|Any CPU.ActiveCfg = Debug|Any CPU
		{03FE6E72-3354-4DEF-BB41-294158A92B54}.Debug|Any CPU.Build.0 = Debug|Any CPU
		{03FE6E72-3354-4DEF-BB41-294158A92B54}.Release|Any CPU.ActiveCfg = Release|Any CPU
		{03FE6E72-3354-4DEF-BB41-294158A92B54}.Release|Any CPU.Build.0 = Release|Any CPU
		{BC9BA6E6-8B79-465E-BE5B-5B0A87186BC6}.Debug|Any CPU.ActiveCfg = Debug|Any CPU
		{BC9BA6E6-8B79-465E-BE5B-5B0A87186BC6}.Debug|Any CPU.Build.0 = Debug|Any CPU
		{BC9BA6E6-8B79-465E-BE5B-5B0A87186BC6}.Release|Any CPU.ActiveCfg = Release|Any CPU
		{BC9BA6E6-8B79-465E-BE5B-5B0A87186BC6}.Release|Any CPU.Build.0 = Release|Any CPU
	EndGlobalSection
	GlobalSection(SolutionProperties) = preSolution
		HideSolutionNode = FALSE
	EndGlobalSection
	GlobalSection(NestedProjects) = preSolution
		{CF48234A-6390-4DEF-BE0D-CDED5EE11DFA} = {02EA681E-C7D8-13C7-8484-4AC65E1B71E8}
		{0FDEB536-2A1B-4FCE-B706-7E62751D4415} = {CF48234A-6390-4DEF-BE0D-CDED5EE11DFA}
		{CC0FB531-586B-4017-96A3-81FB73B22AEA} = {02EA681E-C7D8-13C7-8484-4AC65E1B71E8}
		{49D78CC8-4627-49DD-9E28-468CA78E4386} = {CC0FB531-586B-4017-96A3-81FB73B22AEA}
		{9B94202F-6B76-4871-8916-962A5C3DD1A6} = {02EA681E-C7D8-13C7-8484-4AC65E1B71E8}
		{C111C2C8-1096-411A-A3F7-1A18309F2D3E} = {9B94202F-6B76-4871-8916-962A5C3DD1A6}
		{2E8FF5C0-2746-4030-ACF0-D5D7969B6460} = {9B94202F-6B76-4871-8916-962A5C3DD1A6}
		{8FDBA60A-E425-4CAC-BDEF-46B6BC37073C} = {9B94202F-6B76-4871-8916-962A5C3DD1A6}
		{928213DB-55C3-4B68-8DAE-ADA1D7C28B13} = {C111C2C8-1096-411A-A3F7-1A18309F2D3E}
		{024A08F2-941D-4569-A9A1-451BD231BCF0} = {C111C2C8-1096-411A-A3F7-1A18309F2D3E}
		{746953F3-0EF2-40AD-9FC7-4B5FC0B71E48} = {2E8FF5C0-2746-4030-ACF0-D5D7969B6460}
		{C09CB176-0E8B-4621-94F1-716B5B827A1E} = {8FDBA60A-E425-4CAC-BDEF-46B6BC37073C}
		{EA14094F-FB55-5ABC-1402-B4229C4AD0B1} = {7B2A537C-4739-4B1A-B917-1D2D4DCEFF59}
		{1C6B13E9-C6B9-4F38-98D8-69D6C629ABE2} = {02EA681E-C7D8-13C7-8484-4AC65E1B71E8}
		{0CC576E4-625A-4FAF-9D0A-CB124A2ECEE5} = {1C6B13E9-C6B9-4F38-98D8-69D6C629ABE2}
		{5A073404-0070-4AAF-9776-06E521644882} = {1C6B13E9-C6B9-4F38-98D8-69D6C629ABE2}
		{42FEDB80-97E9-44C1-9CC2-87A9AF074D76} = {1C6B13E9-C6B9-4F38-98D8-69D6C629ABE2}
		{03FE6E72-3354-4DEF-BB41-294158A92B54} = {1C6B13E9-C6B9-4F38-98D8-69D6C629ABE2}
		{BC9BA6E6-8B79-465E-BE5B-5B0A87186BC6} = {1C6B13E9-C6B9-4F38-98D8-69D6C629ABE2}
	EndGlobalSection
	GlobalSection(ExtensibilityGlobals) = postSolution
		SolutionGuid = {DBB49BA4-3BE2-4402-A5E9-0C6D814DE70F}
	EndGlobalSection
EndGlobal
